// !$*UTF8*$!
{
	archiveVersion = 1;
	classes = {
	};
	objectVersion = 50;
	objects = {

/* Begin PBXBuildFile section */
		4D65586623FCD89900A26C35 /* AppDelegate.swift in Sources */ = {isa = PBXBuildFile; fileRef = 4D65586523FCD89900A26C35 /* AppDelegate.swift */; };
		4D65586823FCD89900A26C35 /* SceneDelegate.swift in Sources */ = {isa = PBXBuildFile; fileRef = 4D65586723FCD89900A26C35 /* SceneDelegate.swift */; };
		4D65586D23FCD89900A26C35 /* Main.storyboard in Resources */ = {isa = PBXBuildFile; fileRef = 4D65586B23FCD89900A26C35 /* Main.storyboard */; };
		4D65586F23FCD89D00A26C35 /* Assets.xcassets in Resources */ = {isa = PBXBuildFile; fileRef = 4D65586E23FCD89D00A26C35 /* Assets.xcassets */; };
		4D65587223FCD89D00A26C35 /* LaunchScreen.storyboard in Resources */ = {isa = PBXBuildFile; fileRef = 4D65587023FCD89D00A26C35 /* LaunchScreen.storyboard */; };
		4D65587D23FCD89E00A26C35 /* SeniorDesignTests.swift in Sources */ = {isa = PBXBuildFile; fileRef = 4D65587C23FCD89E00A26C35 /* SeniorDesignTests.swift */; };
		4D65588823FCD89E00A26C35 /* SeniorDesignUITests.swift in Sources */ = {isa = PBXBuildFile; fileRef = 4D65588723FCD89E00A26C35 /* SeniorDesignUITests.swift */; };
		4D65589623FCDED600A26C35 /* CameraViewController.swift in Sources */ = {isa = PBXBuildFile; fileRef = 4D65589523FCDED600A26C35 /* CameraViewController.swift */; };
		4D65589823FCDF5A00A26C35 /* VideoPlaybackViewController.swift in Sources */ = {isa = PBXBuildFile; fileRef = 4D65589723FCDF5A00A26C35 /* VideoPlaybackViewController.swift */; };
/* End PBXBuildFile section */

/* Begin PBXContainerItemProxy section */
		4D65587923FCD89D00A26C35 /* PBXContainerItemProxy */ = {
			isa = PBXContainerItemProxy;
			containerPortal = 4D65585A23FCD89900A26C35 /* Project object */;
			proxyType = 1;
			remoteGlobalIDString = 4D65586123FCD89900A26C35;
			remoteInfo = SeniorDesign;
		};
		4D65588423FCD89E00A26C35 /* PBXContainerItemProxy */ = {
			isa = PBXContainerItemProxy;
			containerPortal = 4D65585A23FCD89900A26C35 /* Project object */;
			proxyType = 1;
			remoteGlobalIDString = 4D65586123FCD89900A26C35;
			remoteInfo = SeniorDesign;
		};
/* End PBXContainerItemProxy section */

/* Begin PBXFileReference section */
		4D65586223FCD89900A26C35 /* JVP.app */ = {isa = PBXFileReference; explicitFileType = wrapper.application; includeInIndex = 0; path = JVP.app; sourceTree = BUILT_PRODUCTS_DIR; };
		4D65586523FCD89900A26C35 /* AppDelegate.swift */ = {isa = PBXFileReference; lastKnownFileType = sourcecode.swift; path = AppDelegate.swift; sourceTree = "<group>"; };
		4D65586723FCD89900A26C35 /* SceneDelegate.swift */ = {isa = PBXFileReference; lastKnownFileType = sourcecode.swift; path = SceneDelegate.swift; sourceTree = "<group>"; };
		4D65586C23FCD89900A26C35 /* Base */ = {isa = PBXFileReference; lastKnownFileType = file.storyboard; name = Base; path = Base.lproj/Main.storyboard; sourceTree = "<group>"; };
		4D65586E23FCD89D00A26C35 /* Assets.xcassets */ = {isa = PBXFileReference; lastKnownFileType = folder.assetcatalog; path = Assets.xcassets; sourceTree = "<group>"; };
		4D65587123FCD89D00A26C35 /* Base */ = {isa = PBXFileReference; lastKnownFileType = file.storyboard; name = Base; path = Base.lproj/LaunchScreen.storyboard; sourceTree = "<group>"; };
		4D65587323FCD89D00A26C35 /* Info.plist */ = {isa = PBXFileReference; lastKnownFileType = text.plist.xml; path = Info.plist; sourceTree = "<group>"; };
		4D65587823FCD89D00A26C35 /* SeniorDesignTests.xctest */ = {isa = PBXFileReference; explicitFileType = wrapper.cfbundle; includeInIndex = 0; path = SeniorDesignTests.xctest; sourceTree = BUILT_PRODUCTS_DIR; };
		4D65587C23FCD89E00A26C35 /* SeniorDesignTests.swift */ = {isa = PBXFileReference; lastKnownFileType = sourcecode.swift; path = SeniorDesignTests.swift; sourceTree = "<group>"; };
		4D65587E23FCD89E00A26C35 /* Info.plist */ = {isa = PBXFileReference; lastKnownFileType = text.plist.xml; path = Info.plist; sourceTree = "<group>"; };
		4D65588323FCD89E00A26C35 /* SeniorDesignUITests.xctest */ = {isa = PBXFileReference; explicitFileType = wrapper.cfbundle; includeInIndex = 0; path = SeniorDesignUITests.xctest; sourceTree = BUILT_PRODUCTS_DIR; };
		4D65588723FCD89E00A26C35 /* SeniorDesignUITests.swift */ = {isa = PBXFileReference; lastKnownFileType = sourcecode.swift; path = SeniorDesignUITests.swift; sourceTree = "<group>"; };
		4D65588923FCD89E00A26C35 /* Info.plist */ = {isa = PBXFileReference; lastKnownFileType = text.plist.xml; path = Info.plist; sourceTree = "<group>"; };
		4D65589523FCDED600A26C35 /* CameraViewController.swift */ = {isa = PBXFileReference; lastKnownFileType = sourcecode.swift; path = CameraViewController.swift; sourceTree = "<group>"; };
		4D65589723FCDF5A00A26C35 /* VideoPlaybackViewController.swift */ = {isa = PBXFileReference; lastKnownFileType = sourcecode.swift; path = VideoPlaybackViewController.swift; sourceTree = "<group>"; };
/* End PBXFileReference section */

/* Begin PBXFrameworksBuildPhase section */
		4D65585F23FCD89900A26C35 /* Frameworks */ = {
			isa = PBXFrameworksBuildPhase;
			buildActionMask = 2147483647;
			files = (
			);
			runOnlyForDeploymentPostprocessing = 0;
		};
		4D65587523FCD89D00A26C35 /* Frameworks */ = {
			isa = PBXFrameworksBuildPhase;
			buildActionMask = 2147483647;
			files = (
			);
			runOnlyForDeploymentPostprocessing = 0;
		};
		4D65588023FCD89E00A26C35 /* Frameworks */ = {
			isa = PBXFrameworksBuildPhase;
			buildActionMask = 2147483647;
			files = (
			);
			runOnlyForDeploymentPostprocessing = 0;
		};
/* End PBXFrameworksBuildPhase section */

/* Begin PBXGroup section */
		4D65585923FCD89900A26C35 = {
			isa = PBXGroup;
			children = (
				4D65586423FCD89900A26C35 /* SeniorDesign */,
				4D65587B23FCD89E00A26C35 /* SeniorDesignTests */,
				4D65588623FCD89E00A26C35 /* SeniorDesignUITests */,
				4D65586323FCD89900A26C35 /* Products */,
			);
			sourceTree = "<group>";
		};
		4D65586323FCD89900A26C35 /* Products */ = {
			isa = PBXGroup;
			children = (
				4D65586223FCD89900A26C35 /* JVP.app */,
				4D65587823FCD89D00A26C35 /* SeniorDesignTests.xctest */,
				4D65588323FCD89E00A26C35 /* SeniorDesignUITests.xctest */,
			);
			name = Products;
			sourceTree = "<group>";
		};
		4D65586423FCD89900A26C35 /* SeniorDesign */ = {
			isa = PBXGroup;
			children = (
				4D65586523FCD89900A26C35 /* AppDelegate.swift */,
				4D65586723FCD89900A26C35 /* SceneDelegate.swift */,
				4D65586B23FCD89900A26C35 /* Main.storyboard */,
				4D65586E23FCD89D00A26C35 /* Assets.xcassets */,
				4D65587023FCD89D00A26C35 /* LaunchScreen.storyboard */,
				4D65587323FCD89D00A26C35 /* Info.plist */,
				4D65589523FCDED600A26C35 /* CameraViewController.swift */,
				4D65589723FCDF5A00A26C35 /* VideoPlaybackViewController.swift */,
			);
			path = SeniorDesign;
			sourceTree = "<group>";
		};
		4D65587B23FCD89E00A26C35 /* SeniorDesignTests */ = {
			isa = PBXGroup;
			children = (
				4D65587C23FCD89E00A26C35 /* SeniorDesignTests.swift */,
				4D65587E23FCD89E00A26C35 /* Info.plist */,
			);
			path = SeniorDesignTests;
			sourceTree = "<group>";
		};
		4D65588623FCD89E00A26C35 /* SeniorDesignUITests */ = {
			isa = PBXGroup;
			children = (
				4D65588723FCD89E00A26C35 /* SeniorDesignUITests.swift */,
				4D65588923FCD89E00A26C35 /* Info.plist */,
			);
			path = SeniorDesignUITests;
			sourceTree = "<group>";
		};
/* End PBXGroup section */

/* Begin PBXNativeTarget section */
		4D65586123FCD89900A26C35 /* SeniorDesign */ = {
			isa = PBXNativeTarget;
			buildConfigurationList = 4D65588C23FCD89E00A26C35 /* Build configuration list for PBXNativeTarget "SeniorDesign" */;
			buildPhases = (
				4D65585E23FCD89900A26C35 /* Sources */,
				4D65585F23FCD89900A26C35 /* Frameworks */,
				4D65586023FCD89900A26C35 /* Resources */,
			);
			buildRules = (
			);
			dependencies = (
			);
			name = SeniorDesign;
			productName = SeniorDesign;
			productReference = 4D65586223FCD89900A26C35 /* JVP.app */;
			productType = "com.apple.product-type.application";
		};
		4D65587723FCD89D00A26C35 /* SeniorDesignTests */ = {
			isa = PBXNativeTarget;
			buildConfigurationList = 4D65588F23FCD89E00A26C35 /* Build configuration list for PBXNativeTarget "SeniorDesignTests" */;
			buildPhases = (
				4D65587423FCD89D00A26C35 /* Sources */,
				4D65587523FCD89D00A26C35 /* Frameworks */,
				4D65587623FCD89D00A26C35 /* Resources */,
			);
			buildRules = (
			);
			dependencies = (
				4D65587A23FCD89D00A26C35 /* PBXTargetDependency */,
			);
			name = SeniorDesignTests;
			productName = SeniorDesignTests;
			productReference = 4D65587823FCD89D00A26C35 /* SeniorDesignTests.xctest */;
			productType = "com.apple.product-type.bundle.unit-test";
		};
		4D65588223FCD89E00A26C35 /* SeniorDesignUITests */ = {
			isa = PBXNativeTarget;
			buildConfigurationList = 4D65589223FCD89E00A26C35 /* Build configuration list for PBXNativeTarget "SeniorDesignUITests" */;
			buildPhases = (
				4D65587F23FCD89E00A26C35 /* Sources */,
				4D65588023FCD89E00A26C35 /* Frameworks */,
				4D65588123FCD89E00A26C35 /* Resources */,
			);
			buildRules = (
			);
			dependencies = (
				4D65588523FCD89E00A26C35 /* PBXTargetDependency */,
			);
			name = SeniorDesignUITests;
			productName = SeniorDesignUITests;
			productReference = 4D65588323FCD89E00A26C35 /* SeniorDesignUITests.xctest */;
			productType = "com.apple.product-type.bundle.ui-testing";
		};
/* End PBXNativeTarget section */

/* Begin PBXProject section */
		4D65585A23FCD89900A26C35 /* Project object */ = {
			isa = PBXProject;
			attributes = {
				LastSwiftUpdateCheck = 1130;
				LastUpgradeCheck = 1130;
				ORGANIZATIONNAME = "Alvin Magee";
				TargetAttributes = {
					4D65586123FCD89900A26C35 = {
						CreatedOnToolsVersion = 11.3.1;
					};
					4D65587723FCD89D00A26C35 = {
						CreatedOnToolsVersion = 11.3.1;
						TestTargetID = 4D65586123FCD89900A26C35;
					};
					4D65588223FCD89E00A26C35 = {
						CreatedOnToolsVersion = 11.3.1;
						TestTargetID = 4D65586123FCD89900A26C35;
					};
				};
			};
			buildConfigurationList = 4D65585D23FCD89900A26C35 /* Build configuration list for PBXProject "SeniorDesign" */;
			compatibilityVersion = "Xcode 9.3";
			developmentRegion = en;
			hasScannedForEncodings = 0;
			knownRegions = (
				en,
				Base,
			);
			mainGroup = 4D65585923FCD89900A26C35;
			productRefGroup = 4D65586323FCD89900A26C35 /* Products */;
			projectDirPath = "";
			projectRoot = "";
			targets = (
				4D65586123FCD89900A26C35 /* SeniorDesign */,
				4D65587723FCD89D00A26C35 /* SeniorDesignTests */,
				4D65588223FCD89E00A26C35 /* SeniorDesignUITests */,
			);
		};
/* End PBXProject section */

/* Begin PBXResourcesBuildPhase section */
		4D65586023FCD89900A26C35 /* Resources */ = {
			isa = PBXResourcesBuildPhase;
			buildActionMask = 2147483647;
			files = (
				4D65587223FCD89D00A26C35 /* LaunchScreen.storyboard in Resources */,
				4D65586F23FCD89D00A26C35 /* Assets.xcassets in Resources */,
				4D65586D23FCD89900A26C35 /* Main.storyboard in Resources */,
			);
			runOnlyForDeploymentPostprocessing = 0;
		};
		4D65587623FCD89D00A26C35 /* Resources */ = {
			isa = PBXResourcesBuildPhase;
			buildActionMask = 2147483647;
			files = (
			);
			runOnlyForDeploymentPostprocessing = 0;
		};
		4D65588123FCD89E00A26C35 /* Resources */ = {
			isa = PBXResourcesBuildPhase;
			buildActionMask = 2147483647;
			files = (
			);
			runOnlyForDeploymentPostprocessing = 0;
		};
/* End PBXResourcesBuildPhase section */

/* Begin PBXSourcesBuildPhase section */
		4D65585E23FCD89900A26C35 /* Sources */ = {
			isa = PBXSourcesBuildPhase;
			buildActionMask = 2147483647;
			files = (
				4D65589623FCDED600A26C35 /* CameraViewController.swift in Sources */,
				4D65586623FCD89900A26C35 /* AppDelegate.swift in Sources */,
				4D65589823FCDF5A00A26C35 /* VideoPlaybackViewController.swift in Sources */,
				4D65586823FCD89900A26C35 /* SceneDelegate.swift in Sources */,
			);
			runOnlyForDeploymentPostprocessing = 0;
		};
		4D65587423FCD89D00A26C35 /* Sources */ = {
			isa = PBXSourcesBuildPhase;
			buildActionMask = 2147483647;
			files = (
				4D65587D23FCD89E00A26C35 /* SeniorDesignTests.swift in Sources */,
			);
			runOnlyForDeploymentPostprocessing = 0;
		};
		4D65587F23FCD89E00A26C35 /* Sources */ = {
			isa = PBXSourcesBuildPhase;
			buildActionMask = 2147483647;
			files = (
				4D65588823FCD89E00A26C35 /* SeniorDesignUITests.swift in Sources */,
			);
			runOnlyForDeploymentPostprocessing = 0;
		};
/* End PBXSourcesBuildPhase section */

/* Begin PBXTargetDependency section */
		4D65587A23FCD89D00A26C35 /* PBXTargetDependency */ = {
			isa = PBXTargetDependency;
			target = 4D65586123FCD89900A26C35 /* SeniorDesign */;
			targetProxy = 4D65587923FCD89D00A26C35 /* PBXContainerItemProxy */;
		};
		4D65588523FCD89E00A26C35 /* PBXTargetDependency */ = {
			isa = PBXTargetDependency;
			target = 4D65586123FCD89900A26C35 /* SeniorDesign */;
			targetProxy = 4D65588423FCD89E00A26C35 /* PBXContainerItemProxy */;
		};
/* End PBXTargetDependency section */

/* Begin PBXVariantGroup section */
		4D65586B23FCD89900A26C35 /* Main.storyboard */ = {
			isa = PBXVariantGroup;
			children = (
				4D65586C23FCD89900A26C35 /* Base */,
			);
			name = Main.storyboard;
			sourceTree = "<group>";
		};
		4D65587023FCD89D00A26C35 /* LaunchScreen.storyboard */ = {
			isa = PBXVariantGroup;
			children = (
				4D65587123FCD89D00A26C35 /* Base */,
			);
			name = LaunchScreen.storyboard;
			sourceTree = "<group>";
		};
/* End PBXVariantGroup section */

/* Begin XCBuildConfiguration section */
		4D65588A23FCD89E00A26C35 /* Debug */ = {
			isa = XCBuildConfiguration;
			buildSettings = {
				ALWAYS_SEARCH_USER_PATHS = NO;
				CLANG_ANALYZER_NONNULL = YES;
				CLANG_ANALYZER_NUMBER_OBJECT_CONVERSION = YES_AGGRESSIVE;
				CLANG_CXX_LANGUAGE_STANDARD = "gnu++14";
				CLANG_CXX_LIBRARY = "libc++";
				CLANG_ENABLE_MODULES = YES;
				CLANG_ENABLE_OBJC_ARC = YES;
				CLANG_ENABLE_OBJC_WEAK = YES;
				CLANG_WARN_BLOCK_CAPTURE_AUTORELEASING = YES;
				CLANG_WARN_BOOL_CONVERSION = YES;
				CLANG_WARN_COMMA = YES;
				CLANG_WARN_CONSTANT_CONVERSION = YES;
				CLANG_WARN_DEPRECATED_OBJC_IMPLEMENTATIONS = YES;
				CLANG_WARN_DIRECT_OBJC_ISA_USAGE = YES_ERROR;
				CLANG_WARN_DOCUMENTATION_COMMENTS = YES;
				CLANG_WARN_EMPTY_BODY = YES;
				CLANG_WARN_ENUM_CONVERSION = YES;
				CLANG_WARN_INFINITE_RECURSION = YES;
				CLANG_WARN_INT_CONVERSION = YES;
				CLANG_WARN_NON_LITERAL_NULL_CONVERSION = YES;
				CLANG_WARN_OBJC_IMPLICIT_RETAIN_SELF = YES;
				CLANG_WARN_OBJC_LITERAL_CONVERSION = YES;
				CLANG_WARN_OBJC_ROOT_CLASS = YES_ERROR;
				CLANG_WARN_RANGE_LOOP_ANALYSIS = YES;
				CLANG_WARN_STRICT_PROTOTYPES = YES;
				CLANG_WARN_SUSPICIOUS_MOVE = YES;
				CLANG_WARN_UNGUARDED_AVAILABILITY = YES_AGGRESSIVE;
				CLANG_WARN_UNREACHABLE_CODE = YES;
				CLANG_WARN__DUPLICATE_METHOD_MATCH = YES;
				COPY_PHASE_STRIP = NO;
				DEBUG_INFORMATION_FORMAT = dwarf;
				ENABLE_STRICT_OBJC_MSGSEND = YES;
				ENABLE_TESTABILITY = YES;
				GCC_C_LANGUAGE_STANDARD = gnu11;
				GCC_DYNAMIC_NO_PIC = NO;
				GCC_NO_COMMON_BLOCKS = YES;
				GCC_OPTIMIZATION_LEVEL = 0;
				GCC_PREPROCESSOR_DEFINITIONS = (
					"DEBUG=1",
					"$(inherited)",
				);
				GCC_WARN_64_TO_32_BIT_CONVERSION = YES;
				GCC_WARN_ABOUT_RETURN_TYPE = YES_ERROR;
				GCC_WARN_UNDECLARED_SELECTOR = YES;
				GCC_WARN_UNINITIALIZED_AUTOS = YES_AGGRESSIVE;
				GCC_WARN_UNUSED_FUNCTION = YES;
				GCC_WARN_UNUSED_VARIABLE = YES;
				IPHONEOS_DEPLOYMENT_TARGET = 13.2;
				MTL_ENABLE_DEBUG_INFO = INCLUDE_SOURCE;
				MTL_FAST_MATH = YES;
				ONLY_ACTIVE_ARCH = YES;
				SDKROOT = iphoneos;
				SWIFT_ACTIVE_COMPILATION_CONDITIONS = DEBUG;
				SWIFT_OPTIMIZATION_LEVEL = "-Onone";
			};
			name = Debug;
		};
		4D65588B23FCD89E00A26C35 /* Release */ = {
			isa = XCBuildConfiguration;
			buildSettings = {
				ALWAYS_SEARCH_USER_PATHS = NO;
				CLANG_ANALYZER_NONNULL = YES;
				CLANG_ANALYZER_NUMBER_OBJECT_CONVERSION = YES_AGGRESSIVE;
				CLANG_CXX_LANGUAGE_STANDARD = "gnu++14";
				CLANG_CXX_LIBRARY = "libc++";
				CLANG_ENABLE_MODULES = YES;
				CLANG_ENABLE_OBJC_ARC = YES;
				CLANG_ENABLE_OBJC_WEAK = YES;
				CLANG_WARN_BLOCK_CAPTURE_AUTORELEASING = YES;
				CLANG_WARN_BOOL_CONVERSION = YES;
				CLANG_WARN_COMMA = YES;
				CLANG_WARN_CONSTANT_CONVERSION = YES;
				CLANG_WARN_DEPRECATED_OBJC_IMPLEMENTATIONS = YES;
				CLANG_WARN_DIRECT_OBJC_ISA_USAGE = YES_ERROR;
				CLANG_WARN_DOCUMENTATION_COMMENTS = YES;
				CLANG_WARN_EMPTY_BODY = YES;
				CLANG_WARN_ENUM_CONVERSION = YES;
				CLANG_WARN_INFINITE_RECURSION = YES;
				CLANG_WARN_INT_CONVERSION = YES;
				CLANG_WARN_NON_LITERAL_NULL_CONVERSION = YES;
				CLANG_WARN_OBJC_IMPLICIT_RETAIN_SELF = YES;
				CLANG_WARN_OBJC_LITERAL_CONVERSION = YES;
				CLANG_WARN_OBJC_ROOT_CLASS = YES_ERROR;
				CLANG_WARN_RANGE_LOOP_ANALYSIS = YES;
				CLANG_WARN_STRICT_PROTOTYPES = YES;
				CLANG_WARN_SUSPICIOUS_MOVE = YES;
				CLANG_WARN_UNGUARDED_AVAILABILITY = YES_AGGRESSIVE;
				CLANG_WARN_UNREACHABLE_CODE = YES;
				CLANG_WARN__DUPLICATE_METHOD_MATCH = YES;
				COPY_PHASE_STRIP = NO;
				DEBUG_INFORMATION_FORMAT = "dwarf-with-dsym";
				ENABLE_NS_ASSERTIONS = NO;
				ENABLE_STRICT_OBJC_MSGSEND = YES;
				GCC_C_LANGUAGE_STANDARD = gnu11;
				GCC_NO_COMMON_BLOCKS = YES;
				GCC_WARN_64_TO_32_BIT_CONVERSION = YES;
				GCC_WARN_ABOUT_RETURN_TYPE = YES_ERROR;
				GCC_WARN_UNDECLARED_SELECTOR = YES;
				GCC_WARN_UNINITIALIZED_AUTOS = YES_AGGRESSIVE;
				GCC_WARN_UNUSED_FUNCTION = YES;
				GCC_WARN_UNUSED_VARIABLE = YES;
				IPHONEOS_DEPLOYMENT_TARGET = 13.2;
				MTL_ENABLE_DEBUG_INFO = NO;
				MTL_FAST_MATH = YES;
				SDKROOT = iphoneos;
				SWIFT_COMPILATION_MODE = wholemodule;
				SWIFT_OPTIMIZATION_LEVEL = "-O";
				VALIDATE_PRODUCT = YES;
			};
			name = Release;
		};
		4D65588D23FCD89E00A26C35 /* Debug */ = {
			isa = XCBuildConfiguration;
			buildSettings = {
				ASSETCATALOG_COMPILER_APPICON_NAME = AppIcon;
				CODE_SIGN_STYLE = Automatic;
				DEVELOPMENT_TEAM = B3JKCG9MZX;
				INFOPLIST_FILE = SeniorDesign/Info.plist;
				LD_RUNPATH_SEARCH_PATHS = (
					"$(inherited)",
					"@executable_path/Frameworks",
				);
				PRODUCT_BUNDLE_IDENTIFIER = tammitaphong.SeniorDesign;
				PRODUCT_NAME = JVP;
				SWIFT_VERSION = 5.0;
				TARGETED_DEVICE_FAMILY = "1,2";
			};
			name = Debug;
		};
		4D65588E23FCD89E00A26C35 /* Release */ = {
			isa = XCBuildConfiguration;
			buildSettings = {
				ASSETCATALOG_COMPILER_APPICON_NAME = AppIcon;
				CODE_SIGN_STYLE = Automatic;
				DEVELOPMENT_TEAM = B3JKCG9MZX;
				INFOPLIST_FILE = SeniorDesign/Info.plist;
				LD_RUNPATH_SEARCH_PATHS = (
					"$(inherited)",
					"@executable_path/Frameworks",
				);
				PRODUCT_BUNDLE_IDENTIFIER = tammitaphong.SeniorDesign;
				PRODUCT_NAME = JVP;
				SWIFT_VERSION = 5.0;
				TARGETED_DEVICE_FAMILY = "1,2";
			};
			name = Release;
		};
		4D65589023FCD89E00A26C35 /* Debug */ = {
			isa = XCBuildConfiguration;
			buildSettings = {
				ALWAYS_EMBED_SWIFT_STANDARD_LIBRARIES = YES;
				BUNDLE_LOADER = "$(TEST_HOST)";
				CODE_SIGN_STYLE = Automatic;
				INFOPLIST_FILE = SeniorDesignTests/Info.plist;
				IPHONEOS_DEPLOYMENT_TARGET = 13.2;
				LD_RUNPATH_SEARCH_PATHS = (
					"$(inherited)",
					"@executable_path/Frameworks",
					"@loader_path/Frameworks",
				);
				PRODUCT_BUNDLE_IDENTIFIER = almagee16.SeniorDesignTests;
				PRODUCT_NAME = "$(TARGET_NAME)";
				SWIFT_VERSION = 5.0;
				TARGETED_DEVICE_FAMILY = "1,2";
				TEST_HOST = "$(BUILT_PRODUCTS_DIR)/SeniorDesign.app/SeniorDesign";
			};
			name = Debug;
		};
		4D65589123FCD89E00A26C35 /* Release */ = {
			isa = XCBuildConfiguration;
			buildSettings = {
				ALWAYS_EMBED_SWIFT_STANDARD_LIBRARIES = YES;
				BUNDLE_LOADER = "$(TEST_HOST)";
				CODE_SIGN_STYLE = Automatic;
				INFOPLIST_FILE = SeniorDesignTests/Info.plist;
				IPHONEOS_DEPLOYMENT_TARGET = 13.2;
				LD_RUNPATH_SEARCH_PATHS = (
					"$(inherited)",
					"@executable_path/Frameworks",
					"@loader_path/Frameworks",
				);
				PRODUCT_BUNDLE_IDENTIFIER = almagee16.SeniorDesignTests;
				PRODUCT_NAME = "$(TARGET_NAME)";
				SWIFT_VERSION = 5.0;
				TARGETED_DEVICE_FAMILY = "1,2";
				TEST_HOST = "$(BUILT_PRODUCTS_DIR)/SeniorDesign.app/SeniorDesign";
			};
			name = Release;
		};
		4D65589323FCD89E00A26C35 /* Debug */ = {
			isa = XCBuildConfiguration;
			buildSettings = {
				ALWAYS_EMBED_SWIFT_STANDARD_LIBRARIES = YES;
				CODE_SIGN_STYLE = Automatic;
				INFOPLIST_FILE = SeniorDesignUITests/Info.plist;
				LD_RUNPATH_SEARCH_PATHS = (
					"$(inherited)",
					"@executable_path/Frameworks",
					"@loader_path/Frameworks",
				);
				PRODUCT_BUNDLE_IDENTIFIER = almagee16.SeniorDesignUITests;
				PRODUCT_NAME = "$(TARGET_NAME)";
				SWIFT_VERSION = 5.0;
				TARGETED_DEVICE_FAMILY = "1,2";
				TEST_TARGET_NAME = SeniorDesign;
			};
			name = Debug;
		};
		4D65589423FCD89E00A26C35 /* Release */ = {
			isa = XCBuildConfiguration;
			buildSettings = {
				ALWAYS_EMBED_SWIFT_STANDARD_LIBRARIES = YES;
				CODE_SIGN_STYLE = Automatic;
				INFOPLIST_FILE = SeniorDesignUITests/Info.plist;
				LD_RUNPATH_SEARCH_PATHS = (
					"$(inherited)",
					"@executable_path/Frameworks",
					"@loader_path/Frameworks",
				);
				PRODUCT_BUNDLE_IDENTIFIER = almagee16.SeniorDesignUITests;
				PRODUCT_NAME = "$(TARGET_NAME)";
				SWIFT_VERSION = 5.0;
				TARGETED_DEVICE_FAMILY = "1,2";
				TEST_TARGET_NAME = SeniorDesign;
			};
			name = Release;
		};
/* End XCBuildConfiguration section */

/* Begin XCConfigurationList section */
		4D65585D23FCD89900A26C35 /* Build configuration list for PBXProject "SeniorDesign" */ = {
			isa = XCConfigurationList;
			buildConfigurations = (
				4D65588A23FCD89E00A26C35 /* Debug */,
				4D65588B23FCD89E00A26C35 /* Release */,
			);
			defaultConfigurationIsVisible = 0;
			defaultConfigurationName = Release;
		};
		4D65588C23FCD89E00A26C35 /* Build configuration list for PBXNativeTarget "SeniorDesign" */ = {
			isa = XCConfigurationList;
			buildConfigurations = (
				4D65588D23FCD89E00A26C35 /* Debug */,
				4D65588E23FCD89E00A26C35 /* Release */,
			);
			defaultConfigurationIsVisible = 0;
			defaultConfigurationName = Release;
		};
		4D65588F23FCD89E00A26C35 /* Build configuration list for PBXNativeTarget "SeniorDesignTests" */ = {
			isa = XCConfigurationList;
			buildConfigurations = (
				4D65589023FCD89E00A26C35 /* Debug */,
				4D65589123FCD89E00A26C35 /* Release */,
			);
			defaultConfigurationIsVisible = 0;
			defaultConfigurationName = Release;
		};
		4D65589223FCD89E00A26C35 /* Build configuration list for PBXNativeTarget "SeniorDesignUITests" */ = {
			isa = XCConfigurationList;
			buildConfigurations = (
				4D65589323FCD89E00A26C35 /* Debug */,
				4D65589423FCD89E00A26C35 /* Release */,
			);
			defaultConfigurationIsVisible = 0;
			defaultConfigurationName = Release;
		};
/* End XCConfigurationList section */
	};
	rootObject = 4D65585A23FCD89900A26C35 /* Project object */;
}
